{
  "name": "camunda-8-tutorials",
  "lockfileVersion": 3,
  "requires": true,
  "packages": {
    "": {
      "name": "camunda-8-tutorials",
      "devDependencies": {
        "bpmnlint": "^11.13.0",
        "bpmnlint-plugin-camunda-compat": "^2.60.0",
        "zeebe-bpmn-moddle": "^2.0.0"
      }
    },
    "node_modules/@bpmn-io/feel-analyzer": {
      "version": "0.3.0",
      "resolved": "https://registry.npmjs.org/@bpmn-io/feel-analyzer/-/feel-analyzer-0.3.0.tgz",
      "integrity": "sha512-TJjNDg9c8f3Vg9rPuUTMV1vKQfX2mZGejyTUAzOWy4KXjqMTRG1PxlpAma5P444niivnZPtEukHgvO8R3aGd3g==",
      "dev": true,
      "license": "MIT",
      "dependencies": {
        "@bpmn-io/lezer-feel": "^2.1.0"
      },
      "engines": {
        "node": ">= 20"
      }
    },
    "node_modules/@bpmn-io/lezer-feel": {
      "version": "2.5.0",
      "resolved": "https://registry.npmjs.org/@bpmn-io/lezer-feel/-/lezer-feel-2.5.0.tgz",
      "integrity": "sha512-09JlwNYeD5YYeFrl0dIFfgQKEL+NNiTyUwEtdcPhfftz1mYa7z+ylOPCv/8Z0GqG7X81uyMFvRZDFCRBFTiUPg==",
      "dev": true,
      "license": "MIT",
      "dependencies": {
        "@lezer/highlight": "^1.2.3",
        "@lezer/lr": "^1.4.10",
        "min-dash": "^5.0.0"
      },
      "engines": {
        "node": ">= 20.12.0"
      }
    },
    "node_modules/@bpmn-io/moddle-utils": {
      "version": "0.3.0",
      "resolved": "https://registry.npmjs.org/@bpmn-io/moddle-utils/-/moddle-utils-0.3.0.tgz",
      "integrity": "sha512-0kz2PKfjIH3XFtO9Koxh7jV8e1DWWs4rgp0IczhJgluoRHf9Jhq8zX1H3wGJu6+lpg1Rkzc6YW1ezKz+2K8wTg==",
      "dev": true,
      "license": "MIT",
      "dependencies": {
        "min-dash": "^5.0.0"
      }
    },
    "node_modules/@bpmn-io/semver-compat": {
      "version": "0.1.0",
      "resolved": "https://registry.npmjs.org/@bpmn-io/semver-compat/-/semver-compat-0.1.0.tgz",
      "integrity": "sha512-hIcW42Ku92MUioL6aknDbRoW1jK8ZEqIe8qZZ+d3cjitDO+PMEFFXj/sezJYIHMe8elu4CBz9qpjkV8WIVG9qw==",
      "dev": true,
      "license": "MIT",
      "dependencies": {
        "semver": "^7.7.2"
      }
    },
    "node_modules/@camunda/feel-builtins": {
      "version": "1.4.1",
      "resolved": "https://registry.npmjs.org/@camunda/feel-builtins/-/feel-builtins-1.4.1.tgz",
      "integrity": "sha512-nXIVbr8JHLzuPXSYs+VUy/4X1WiY7SlXtAqsgQ9R3mbXNNyorYUiw0YBeLXMrMCcg2yJWVSasramcTCeI9A6FQ==",
      "dev": true,
      "license": "MIT"
    },
    "node_modules/@lezer/common": {
      "version": "1.5.2",
      "resolved": "https://registry.npmjs.org/@lezer/common/-/common-1.5.2.tgz",
      "integrity": "sha512-sxQE460fPZyU3sdc8lafxiPwJHBzZRy/udNFynGQky1SePYBdhkBl1kOagA9uT3pxR8K09bOrmTUqA9wb/PjSQ==",
      "dev": true,
      "license": "MIT"
    },
    "node_modules/@lezer/highlight": {
      "version": "1.2.3",
      "resolved": "https://registry.npmjs.org/@lezer/highlight/-/highlight-1.2.3.tgz",
      "integrity": "sha512-qXdH7UqTvGfdVBINrgKhDsVTJTxactNNxLk7+UMwZhU13lMHaOBlJe9Vqp907ya56Y3+ed2tlqzys7jDkTmW0g==",
      "dev": true,
      "license": "MIT",
      "dependencies": {
        "@lezer/common": "^1.3.0"
      }
    },
    "node_modules/@lezer/lr": {
      "version": "1.4.10",
      "resolved": "https://registry.npmjs.org/@lezer/lr/-/lr-1.4.10.tgz",
      "integrity": "sha512-rnCpTIBafOx4mRp43xOxDJbFipJm/c0cia/V5TiGlhmMa+wsSdoGmUN3w5Bqrks/09Q/D4tNAmWaT8p6NRi77A==",
      "dev": true,
      "license": "MIT",
      "dependencies": {
        "@lezer/common": "^1.0.0"
      }
    },
    "node_modules/ansi-colors": {
      "version": "4.1.3",
      "resolved": "https://registry.npmjs.org/ansi-colors/-/ansi-colors-4.1.3.tgz",
      "integrity": "sha512-/6w/C21Pm1A7aZitlI5Ni/2J6FFQN8i1Cvz3kHABAAbw93v/NlvKdVOqz7CCWz/3iv/JplRSEEZ83XION15ovw==",
      "dev": true,
      "license": "MIT",
      "engines": {
        "node": ">=6"
      }
    },
    "node_modules/bpmn-moddle": {
      "version": "10.2.0",
      "resolved": "https://registry.npmjs.org/bpmn-moddle/-/bpmn-moddle-10.2.0.tgz",
      "integrity": "sha512-rjPr+hvh43DH9BXUHnXHVNcILYJbZ4rJdYY0GRV7ve99MURNjpIp/mCL8UJSz923uXJ4Doa/bEgBEsG01fPoYQ==",
      "dev": true,
      "license": "MIT",
      "dependencies": {
        "min-dash": "^5.1.0",
        "moddle": "^8.2.1",
        "moddle-xml": "^12.2.0"
      },
      "engines": {
        "node": ">= 20.12"
      }
    },
    "node_modules/bpmnlint": {
      "version": "11.13.0",
      "resolved": "https://registry.npmjs.org/bpmnlint/-/bpmnlint-11.13.0.tgz",
      "integrity": "sha512-EBUp+6yg2UWiCf44tZtxZUY0GpopALEE+/8ajV4inRGAVkuvHoICRmCPVkz88MSzBKdX0XSHOYijIk4yRdHW2Q==",
      "dev": true,
      "license": "MIT",
      "dependencies": {
        "@bpmn-io/moddle-utils": "^0.3.0",
        "ansi-colors": "^4.1.3",
        "bpmn-moddle": "^10.1.0",
        "bpmnlint-utils": "^1.1.1",
        "cli-table": "^0.3.11",
        "color-support": "^1.1.3",
        "min-dash": "^5.1.0",
        "mri": "^1.2.0",
        "pluralize": "^8.0.0",
        "tiny-glob": "^0.2.9"
      },
      "bin": {
        "bpmnlint": "bin/bpmnlint.js"
      },
      "engines": {
        "node": ">= 20"
      }
    },
    "node_modules/bpmnlint-plugin-camunda-compat": {
      "version": "2.60.0",
      "resolved": "https://registry.npmjs.org/bpmnlint-plugin-camunda-compat/-/bpmnlint-plugin-camunda-compat-2.60.0.tgz",
      "integrity": "sha512-TwnORcRKNIu2XkMv1OI2oA0nPQP3z06JpUYBzIUt6+a52t1Urt9rvJbZhGSWqMR8EcvtLUgUX5PbSiWBuU7sBQ==",
      "dev": true,
      "license": "MIT",
      "dependencies": {
        "@bpmn-io/feel-analyzer": "^0.3.0",
        "@bpmn-io/lezer-feel": "^2.5.0",
        "@bpmn-io/moddle-utils": "^0.3.0",
        "@bpmn-io/semver-compat": "^0.1.0",
        "@camunda/feel-builtins": "^1.2.0",
        "bpmnlint-utils": "^1.1.1",
        "min-dash": "^5.0.0",
        "semver-compare": "^1.0.0"
      },
      "engines": {
        "node": ">= 20"
      },
      "peerDependencies": {
        "bpmnlint": ">= 11.6.0"
      }
    },
    "node_modules/bpmnlint-utils": {
      "version": "1.1.1",
      "resolved": "https://registry.npmjs.org/bpmnlint-utils/-/bpmnlint-utils-1.1.1.tgz",
      "integrity": "sha512-Afdb77FmwNB3INyUfbzXW40yY+mc0qYU3SgDFeI4zTtduiVomOlfqoXiEaUIGI8Hyh7aVYpmf3O97P2w7x0DYQ==",
      "dev": true,
      "license": "MIT"
    },
    "node_modules/cli-table": {
      "version": "0.3.11",
      "resolved": "https://registry.npmjs.org/cli-table/-/cli-table-0.3.11.tgz",
      "integrity": "sha512-IqLQi4lO0nIB4tcdTpN4LCB9FI3uqrJZK7RC515EnhZ6qBaglkIgICb1wjeAqpdoOabm1+SuQtkXIPdYC93jhQ==",
      "dev": true,
      "dependencies": {
        "colors": "1.0.3"
      },
      "engines": {
        "node": ">= 0.2.0"
      }
    },
    "node_modules/color-support": {
      "version": "1.1.3",
      "resolved": "https://registry.npmjs.org/color-support/-/color-support-1.1.3.tgz",
      "integrity": "sha512-qiBjkpbMLO/HL68y+lh4q0/O1MZFj2RX6X/KmMa3+gJD3z+WwI1ZzDHysvqHGS3mP6mznPckpXmw1nI9cJjyRg==",
      "dev": true,
      "license": "ISC",
      "bin": {
        "color-support": "bin.js"
      }
    },
    "node_modules/colors": {
      "version": "1.0.3",
      "resolved": "https://registry.npmjs.org/colors/-/colors-1.0.3.tgz",
      "integrity": "sha512-pFGrxThWcWQ2MsAz6RtgeWe4NK2kUE1WfsrvvlctdII745EW9I0yflqhe7++M5LEc7bV2c/9/5zc8sFcpL0Drw==",
      "dev": true,
      "license": "MIT",
      "engines": {
        "node": ">=0.1.90"
      }
    },
    "node_modules/globalyzer": {
      "version": "0.1.0",
      "resolved": "https://registry.npmjs.org/globalyzer/-/globalyzer-0.1.0.tgz",
      "integrity": "sha512-40oNTM9UfG6aBmuKxk/giHn5nQ8RVz/SS4Ir6zgzOv9/qC3kKZ9v4etGTcJbEl/NyVQH7FGU7d+X1egr57Md2Q==",
      "dev": true,
      "license": "MIT"
    },
    "node_modules/globrex": {
      "version": "0.1.2",
      "resolved": "https://registry.npmjs.org/globrex/-/globrex-0.1.2.tgz",
      "integrity": "sha512-uHJgbwAMwNFf5mLst7IWLNg14x1CkeqglJb/K3doi4dw6q2IvAAmM/Y81kevy83wP+Sst+nutFTYOGg3d1lsxg==",
      "dev": true,
      "license": "MIT"
    },
    "node_modules/min-dash": {
      "version": "5.1.0",
      "resolved": "https://registry.npmjs.org/min-dash/-/min-dash-5.1.0.tgz",
      "integrity": "sha512-HAvN6XzmCQj+js43G9sJRRw8kj/7DvoxN7qhoIN9Xo5ZN1NMljtpyKs/NunXmw0QSWwlgZzNv6tLeEa4xaZ0tg==",
      "dev": true,
      "license": "MIT"
    },
    "node_modules/moddle": {
      "version": "8.2.1",
      "resolved": "https://registry.npmjs.org/moddle/-/moddle-8.2.1.tgz",
      "integrity": "sha512-20qzO/ZpMGO9j9gdQgXk9bfGxb9wA3JKnGth/21YZKODLrZE4RW/uVMIL5pTskYm34Z61DucBEPkq93qByNsBQ==",
      "dev": true,
      "license": "MIT",
      "dependencies": {
        "min-dash": "^5.1.0"
      }
    },
    "node_modules/moddle-xml": {
      "version": "12.2.0",
      "resolved": "https://registry.npmjs.org/moddle-xml/-/moddle-xml-12.2.0.tgz",
      "integrity": "sha512-kqjdAod5n2v3IVJGudJKRUa1PU/p8GpIb0HbfbVXCppt/MEHtRs+Qi/Q3KTy31JbZCUF9L36mY4wUx7PqqMX4g==",
      "dev": true,
      "license": "MIT",
      "dependencies": {
        "min-dash": "^5.1.0",
        "saxen": "^11.1.0"
      },
      "engines": {
        "node": ">= 18"
      },
      "peerDependencies": {
        "moddle": ">= 6.2.0"
      }
    },
    "node_modules/mri": {
      "version": "1.2.0",
      "resolved": "https://registry.npmjs.org/mri/-/mri-1.2.0.tgz",
      "integrity": "sha512-tzzskb3bG8LvYGFF/mDTpq3jpI6Q9wc3LEmBaghu+DdCssd1FakN7Bc0hVNmEyGq1bq3RgfkCb3cmQLpNPOroA==",
      "dev": true,
      "license": "MIT",
      "engines": {
        "node": ">=4"
      }
    },
    "node_modules/pluralize": {
      "version": "8.0.0",
      "resolved": "https://registry.npmjs.org/pluralize/-/pluralize-8.0.0.tgz",
      "integrity": "sha512-Nc3IT5yHzflTfbjgqWcCPpo7DaKy4FnpB0l/zCAW0Tc7jxAiuqSxHasntB3D7887LSrA93kDJ9IXovxJYxyLCA==",
      "dev": true,
      "license": "MIT",
      "engines": {
        "node": ">=4"
      }
    },
    "node_modules/saxen": {
      "version": "11.1.1",
      "resolved": "https://registry.npmjs.org/saxen/-/saxen-11.1.1.tgz",
      "integrity": "sha512-J4BkmJFaM7VgE7pgkFGsNEcqqM3h7+Mz80vfLWFhx7uNOCOXIu6LLjQHYWNejdst3pf/3JUaBIG9+pkk1umlow==",
      "dev": true,
      "license": "MIT",
      "engines": {
        "node": ">= 20.12"
      }
    },
    "node_modules/semver": {
      "version": "7.8.5",
      "resolved": "https://registry.npmjs.org/semver/-/semver-7.8.5.tgz",
      "integrity": "sha512-Y7/KDsb8LjooZpwaqGyulO6DQlksgCncchHGk+sZIY4SBvUocMBEFH5Ur1fI4dV+Jvl0w6cjvucaIi40puRioA==",
      "dev": true,
      "license": "ISC",
      "bin": {
        "semver": "bin/semver.js"
      },
      "engines": {
        "node": ">=10"
      }
    },
    "node_modules/semver-compare": {
      "version": "1.0.0",
      "resolved": "https://registry.npmjs.org/semver-compare/-/semver-compare-1.0.0.tgz",
      "integrity": "sha512-YM3/ITh2MJ5MtzaM429anh+x2jiLVjqILF4m4oyQB18W7Ggea7BfqdH/wGMK7dDiMghv/6WG7znWMwUDzJiXow==",
      "dev": true,
      "license": "MIT"
    },
    "node_modules/tiny-glob": {
      "version": "0.2.9",
      "resolved": "https://registry.npmjs.org/tiny-glob/-/tiny-glob-0.2.9.tgz",
      "integrity": "sha512-g/55ssRPUjShh+xkfx9UPDXqhckHEsHr4Vd9zX55oSdGZc/MD0m3sferOkwWtp98bv+kcVfEHtRJgBVJzelrzg==",
      "dev": true,
      "license": "MIT",
      "dependencies": {
        "globalyzer": "0.1.0",
        "globrex": "^0.1.2"
      }
    },
    "node_modules/zeebe-bpmn-moddle": {
      "version": "2.0.0",
      "resolved": "https://registry.npmjs.org/zeebe-bpmn-moddle/-/zeebe-bpmn-moddle-2.0.0.tgz",
      "integrity": "sha512-n1wtWbvpWRA4ROgbjNpFt6SxvSGp+lJHuY+N6hXp7IrxV/VJnfnwrm+UMGY80IgZMdJVz9zgKyPC4QujijBH8w==",
      "dev": true,
      "license": "MIT",
      "peerDependencies": {
        "moddle": ">=8.2.0"
      }
    }
  }
}
